
Microsoft Visual Studio Solution File, Format Version 12.00
# Visual Studio Version 16
VisualStudioVersion = 16.0.30611.23
MinimumVisualStudioVersion = 10.0.40219.1
Project("{FAE04EC0-301F-11D3-BF4B-00C04F79EFBC}") = "FileGenerator", "FileGenerator\FileGenerator.csproj", "{EEA1984E-9F70-451A-BA24-C1AE966CDBAE}"
EndProject
Global
	GlobalSection(SolutionConfigurationPlatforms) = preSolution
		Debug|Any CPU = Debug|Any CPU
		Release|Any CPU = Release|Any CPU
	EndGlobalSection
	GlobalSection(ProjectConfigurationPlatforms) = postSolution
		{EEA1984E-9F70-451A-BA24-C1AE966CDBAE}.Debug|Any CPU.ActiveCfg = Debug|Any CPU
		{EEA1984E-9F70-451A-BA24-C1AE966CDBAE}.Debug|Any CPU.Build.0 = Debug|Any CPU
		{EEA1984E-9F70-451A-BA24-C1AE966CDBAE}.Release|Any CPU.ActiveCfg = Release|Any CPU
		{EEA1984E-9F70-451A-BA24-C1AE966CDBAE}.Release|Any CPU.Build.0 = Release|Any CPU
	EndGlobalSection
	GlobalSection(SolutionProperties) = preSolution
		HideSolutionNode = FALSE
	EndGlobalSection
	GlobalSection(ExtensibilityGlobals) = postSolution
		SolutionGuid = {200B86F3-B95B-4F29-9620-29CDB858202F}
	EndGlobalSection
EndGlobal
